
Microsoft Visual Studio Solution File, Format Version 12.00
# Visual Studio 15
VisualStudioVersion = 15.0.27130.2010
MinimumVisualStudioVersion = 10.0.40219.1
Project("{FAE04EC0-301F-11D3-BF4B-00C04F79EFBC}") = "BlueToothHelper", "BlueToothHelper.csproj", "{9A3F106E-FB5F-4A27-9F48-678BA4E59FEB}"
EndProject
Global
	GlobalSection(SolutionConfigurationPlatforms) = preSolution
		Debug|Any CPU = Debug|Any CPU
		Release|Any CPU = Release|Any CPU
	EndGlobalSection
	GlobalSection(ProjectConfigurationPlatforms) = postSolution
		{9A3F106E-FB5F-4A27-9F48-678BA4E59FEB}.Debug|Any CPU.ActiveCfg = Debug|Any CPU
		{9A3F106E-FB5F-4A27-9F48-678BA4E59FEB}.Debug|Any CPU.Build.0 = Debug|Any CPU
		{9A3F106E-FB5F-4A27-9F48-678BA4E59FEB}.Release|Any CPU.ActiveCfg = Release|Any CPU
		{9A3F106E-FB5F-4A27-9F48-678BA4E59FEB}.Release|Any CPU.Build.0 = Release|Any CPU
	EndGlobalSection
	GlobalSection(SolutionProperties) = preSolution
		HideSolutionNode = FALSE
	EndGlobalSection
	GlobalSection(ExtensibilityGlobals) = postSolution
		SolutionGuid = {702C8AAA-D1D3-4927-B85C-724A578DB6BD}
	EndGlobalSection
EndGlobal
